{
  "requires": true,
  "lockfileVersion": 1,
  "dependencies": {
    "@fancyapps/ui": {
      "version": "5.0.19",
      "resolved": "https://registry.npmjs.org/@fancyapps/ui/-/ui-5.0.19.tgz",
      "integrity": "sha512-/DDmO+9wnlXkk9oimwg7eT7Wo8qKuW4XU6NgJtqdJ/GOZvEPq5ozLEqSKy9Z4pa4RkLwtbcTgBixP7f0C+6kVw=="
    },
    "jquery": {
      "version": "3.7.0",
      "resolved": "https://registry.npmjs.org/jquery/-/jquery-3.7.0.tgz",
      "integrity": "sha512-umpJ0/k8X0MvD1ds0P9SfowREz2LenHsQaxSohMZ5OMNEU2r0tf8pdeEFTHMFxWVxKNyU9rTtK3CWzUCTKJUeQ=="
    },
    "slick-carousel": {
      "version": "1.8.1",
      "resolved": "https://registry.npmjs.org/slick-carousel/-/slick-carousel-1.8.1.tgz",
      "integrity": "sha512-XB9Ftrf2EEKfzoQXt3Nitrt/IPbT+f1fgqBdoxO3W/+JYvtEOW6EgxnWfr9GH6nmULv7Y2tPmEX3koxThVmebA=="
    }
  }
}
