# THIS IS AN AUTOGENERATED FILE. DO NOT EDIT THIS FILE DIRECTLY.
# yarn lockfile v1


"@fancyapps/ui@^5.0.19":
  version "5.0.19"
  resolved "https://registry.yarnpkg.com/@fancyapps/ui/-/ui-5.0.19.tgz#ec71ea25cd91864a88e74cecb29533e965c88527"
  integrity sha512-/DDmO+9wnlXkk9oimwg7eT7Wo8qKuW4XU6NgJtqdJ/GOZvEPq5ozLEqSKy9Z4pa4RkLwtbcTgBixP7f0C+6kVw==
